
Microsoft Visual Studio Solution File, Format Version 12.00
# Visual Studio 2013
VisualStudioVersion = 12.0.21005.1
MinimumVisualStudioVersion = 10.0.40219.1
Project("{FAE04EC0-301F-11D3-BF4B-00C04F79EFBC}") = "MacGuffin.App", "MacGuffin.Console\MacGuffin.App.csproj", "{0C99E5E9-6821-41FD-8FB6-18D97032A7E4}"
EndProject
Project("{FAE04EC0-301F-11D3-BF4B-00C04F79EFBC}") = "MacGuffin.Business", "MacGuffin.Business\MacGuffin.Business.csproj", "{F05C3008-BC32-41DA-8336-0C69AE51B824}"
EndProject
Project("{FAE04EC0-301F-11D3-BF4B-00C04F79EFBC}") = "MacGuffin.Models", "MacGuffin.Models\MacGuffin.Models.csproj", "{F24CD05F-92C2-4159-A863-2BB2A4941B68}"
EndProject
Project("{FAE04EC0-301F-11D3-BF4B-00C04F79EFBC}") = "MacGuffin.Tests.Unit", "MacGuffin.Tests.Unit\MacGuffin.Tests.Unit.csproj", "{B6904883-F1C4-4DAB-88DD-51FC78DC185A}"
EndProject
Project("{FAE04EC0-301F-11D3-BF4B-00C04F79EFBC}") = "MacGuffin.Tests.Integration", "MacGuffin.Tests.Integration\MacGuffin.Tests.Integration.csproj", "{CBD0F2FD-1392-4B62-94ED-AB4AF83E871F}"
EndProject
Global
	GlobalSection(SolutionConfigurationPlatforms) = preSolution
		Debug|Any CPU = Debug|Any CPU
		Release|Any CPU = Release|Any CPU
	EndGlobalSection
	GlobalSection(ProjectConfigurationPlatforms) = postSolution
		{0C99E5E9-6821-41FD-8FB6-18D97032A7E4}.Debug|Any CPU.ActiveCfg = Debug|Any CPU
		{0C99E5E9-6821-41FD-8FB6-18D97032A7E4}.Debug|Any CPU.Build.0 = Debug|Any CPU
		{0C99E5E9-6821-41FD-8FB6-18D97032A7E4}.Release|Any CPU.ActiveCfg = Release|Any CPU
		{0C99E5E9-6821-41FD-8FB6-18D97032A7E4}.Release|Any CPU.Build.0 = Release|Any CPU
		{F05C3008-BC32-41DA-8336-0C69AE51B824}.Debug|Any CPU.ActiveCfg = Debug|Any CPU
		{F05C3008-BC32-41DA-8336-0C69AE51B824}.Debug|Any CPU.Build.0 = Debug|Any CPU
		{F05C3008-BC32-41DA-8336-0C69AE51B824}.Release|Any CPU.ActiveCfg = Release|Any CPU
		{F05C3008-BC32-41DA-8336-0C69AE51B824}.Release|Any CPU.Build.0 = Release|Any CPU
		{F24CD05F-92C2-4159-A863-2BB2A4941B68}.Debug|Any CPU.ActiveCfg = Debug|Any CPU
		{F24CD05F-92C2-4159-A863-2BB2A4941B68}.Debug|Any CPU.Build.0 = Debug|Any CPU
		{F24CD05F-92C2-4159-A863-2BB2A4941B68}.Release|Any CPU.ActiveCfg = Release|Any CPU
		{F24CD05F-92C2-4159-A863-2BB2A4941B68}.Release|Any CPU.Build.0 = Release|Any CPU
		{B6904883-F1C4-4DAB-88DD-51FC78DC185A}.Debug|Any CPU.ActiveCfg = Debug|Any CPU
		{B6904883-F1C4-4DAB-88DD-51FC78DC185A}.Debug|Any CPU.Build.0 = Debug|Any CPU
		{B6904883-F1C4-4DAB-88DD-51FC78DC185A}.Release|Any CPU.ActiveCfg = Release|Any CPU
		{B6904883-F1C4-4DAB-88DD-51FC78DC185A}.Release|Any CPU.Build.0 = Release|Any CPU
		{CBD0F2FD-1392-4B62-94ED-AB4AF83E871F}.Debug|Any CPU.ActiveCfg = Debug|Any CPU
		{CBD0F2FD-1392-4B62-94ED-AB4AF83E871F}.Debug|Any CPU.Build.0 = Debug|Any CPU
		{CBD0F2FD-1392-4B62-94ED-AB4AF83E871F}.Release|Any CPU.ActiveCfg = Release|Any CPU
		{CBD0F2FD-1392-4B62-94ED-AB4AF83E871F}.Release|Any CPU.Build.0 = Release|Any CPU
	EndGlobalSection
	GlobalSection(SolutionProperties) = preSolution
		HideSolutionNode = FALSE
	EndGlobalSection
EndGlobal
